// !$*UTF8*$!
{
	archiveVersion = 1;
	classes = {
	};
	objectVersion = 50;
	objects = {

/* Begin PBXBuildFile section */
		02A275F608C51823AEF96152 /* Pods_iCachorroQuente.framework in Frameworks */ = {isa = PBXBuildFile; fileRef = 9C3E13C51E3AF77C7F2DB372 /* Pods_iCachorroQuente.framework */; };
		9F26028C26644F9E00F39F43 /* EndereçoView.swift in Sources */ = {isa = PBXBuildFile; fileRef = 9F26028B26644F9E00F39F43 /* EndereçoView.swift */; };
		9F439B7D26634CAB00F1A0CE /* iCachorroQuenteApp.swift in Sources */ = {isa = PBXBuildFile; fileRef = 9F439B7C26634CAB00F1A0CE /* iCachorroQuenteApp.swift */; };
		9F439B7F26634CAB00F1A0CE /* ContentView.swift in Sources */ = {isa = PBXBuildFile; fileRef = 9F439B7E26634CAB00F1A0CE /* ContentView.swift */; };
		9F439B8126634CAF00F1A0CE /* Assets.xcassets in Resources */ = {isa = PBXBuildFile; fileRef = 9F439B8026634CAF00F1A0CE /* Assets.xcassets */; };
		9F439B8426634CAF00F1A0CE /* Preview Assets.xcassets in Resources */ = {isa = PBXBuildFile; fileRef = 9F439B8326634CAF00F1A0CE /* Preview Assets.xcassets */; };
		9F439B8C2663501C00F1A0CE /* CachorroQuenteClasse.swift in Sources */ = {isa = PBXBuildFile; fileRef = 9F439B8B2663501C00F1A0CE /* CachorroQuenteClasse.swift */; };
/* End PBXBuildFile section */

/* Begin PBXFileReference section */
		4347BBFCF79E8B8BABA6C25B /* Pods-iCachorroQuente.debug.xcconfig */ = {isa = PBXFileReference; includeInIndex = 1; lastKnownFileType = text.xcconfig; name = "Pods-iCachorroQuente.debug.xcconfig"; path = "Target Support Files/Pods-iCachorroQuente/Pods-iCachorroQuente.debug.xcconfig"; sourceTree = "<group>"; };
		9C3E13C51E3AF77C7F2DB372 /* Pods_iCachorroQuente.framework */ = {isa = PBXFileReference; explicitFileType = wrapper.framework; includeInIndex = 0; path = Pods_iCachorroQuente.framework; sourceTree = BUILT_PRODUCTS_DIR; };
		9F26028B26644F9E00F39F43 /* EndereçoView.swift */ = {isa = PBXFileReference; lastKnownFileType = sourcecode.swift; path = "EndereçoView.swift"; sourceTree = "<group>"; };
		9F439B7926634CAB00F1A0CE /* iCachorroQuente.app */ = {isa = PBXFileReference; explicitFileType = wrapper.application; includeInIndex = 0; path = iCachorroQuente.app; sourceTree = BUILT_PRODUCTS_DIR; };
		9F439B7C26634CAB00F1A0CE /* iCachorroQuenteApp.swift */ = {isa = PBXFileReference; lastKnownFileType = sourcecode.swift; path = iCachorroQuenteApp.swift; sourceTree = "<group>"; };
		9F439B7E26634CAB00F1A0CE /* ContentView.swift */ = {isa = PBXFileReference; lastKnownFileType = sourcecode.swift; path = ContentView.swift; sourceTree = "<group>"; };
		9F439B8026634CAF00F1A0CE /* Assets.xcassets */ = {isa = PBXFileReference; lastKnownFileType = folder.assetcatalog; path = Assets.xcassets; sourceTree = "<group>"; };
		9F439B8326634CAF00F1A0CE /* Preview Assets.xcassets */ = {isa = PBXFileReference; lastKnownFileType = folder.assetcatalog; path = "Preview Assets.xcassets"; sourceTree = "<group>"; };
		9F439B8526634CAF00F1A0CE /* Info.plist */ = {isa = PBXFileReference; lastKnownFileType = text.plist.xml; path = Info.plist; sourceTree = "<group>"; };
		9F439B8B2663501C00F1A0CE /* CachorroQuenteClasse.swift */ = {isa = PBXFileReference; lastKnownFileType = sourcecode.swift; path = CachorroQuenteClasse.swift; sourceTree = "<group>"; };
		DB1B9F00E1BDB5AEAD7F4E69 /* Pods-iCachorroQuente.release.xcconfig */ = {isa = PBXFileReference; includeInIndex = 1; lastKnownFileType = text.xcconfig; name = "Pods-iCachorroQuente.release.xcconfig"; path = "Target Support Files/Pods-iCachorroQuente/Pods-iCachorroQuente.release.xcconfig"; sourceTree = "<group>"; };
/* End PBXFileReference section */

/* Begin PBXFrameworksBuildPhase section */
		9F439B7626634CAB00F1A0CE /* Frameworks */ = {
			isa = PBXFrameworksBuildPhase;
			buildActionMask = 2147483647;
			files = (
				02A275F608C51823AEF96152 /* Pods_iCachorroQuente.framework in Frameworks */,
			);
			runOnlyForDeploymentPostprocessing = 0;
		};
/* End PBXFrameworksBuildPhase section */

/* Begin PBXGroup section */
		92C1798D3D77E5F01AA11A8D /* Frameworks */ = {
			isa = PBXGroup;
			children = (
				9C3E13C51E3AF77C7F2DB372 /* Pods_iCachorroQuente.framework */,
			);
			name = Frameworks;
			sourceTree = "<group>";
		};
		9F439B7026634CAA00F1A0CE = {
			isa = PBXGroup;
			children = (
				9F439B7B26634CAB00F1A0CE /* iCachorroQuente */,
				9F439B7A26634CAB00F1A0CE /* Products */,
				A07FA24BC2B2FB4CFB5B64C2 /* Pods */,
				92C1798D3D77E5F01AA11A8D /* Frameworks */,
			);
			sourceTree = "<group>";
		};
		9F439B7A26634CAB00F1A0CE /* Products */ = {
			isa = PBXGroup;
			children = (
				9F439B7926634CAB00F1A0CE /* iCachorroQuente.app */,
			);
			name = Products;
			sourceTree = "<group>";
		};
		9F439B7B26634CAB00F1A0CE /* iCachorroQuente */ = {
			isa = PBXGroup;
			children = (
				9F439B7C26634CAB00F1A0CE /* iCachorroQuenteApp.swift */,
				9F439B7E26634CAB00F1A0CE /* ContentView.swift */,
				9F26028B26644F9E00F39F43 /* EndereçoView.swift */,
				9F439B8B2663501C00F1A0CE /* CachorroQuenteClasse.swift */,
				9F439B8026634CAF00F1A0CE /* Assets.xcassets */,
				9F439B8526634CAF00F1A0CE /* Info.plist */,
				9F439B8226634CAF00F1A0CE /* Preview Content */,
			);
			path = iCachorroQuente;
			sourceTree = "<group>";
		};
		9F439B8226634CAF00F1A0CE /* Preview Content */ = {
			isa = PBXGroup;
			children = (
				9F439B8326634CAF00F1A0CE /* Preview Assets.xcassets */,
			);
			path = "Preview Content";
			sourceTree = "<group>";
		};
		A07FA24BC2B2FB4CFB5B64C2 /* Pods */ = {
			isa = PBXGroup;
			children = (
				4347BBFCF79E8B8BABA6C25B /* Pods-iCachorroQuente.debug.xcconfig */,
				DB1B9F00E1BDB5AEAD7F4E69 /* Pods-iCachorroQuente.release.xcconfig */,
			);
			name = Pods;
			path = Pods;
			sourceTree = "<group>";
		};
/* End PBXGroup section */

/* Begin PBXNativeTarget section */
		9F439B7826634CAB00F1A0CE /* iCachorroQuente */ = {
			isa = PBXNativeTarget;
			buildConfigurationList = 9F439B8826634CAF00F1A0CE /* Build configuration list for PBXNativeTarget "iCachorroQuente" */;
			buildPhases = (
				1D66FA7C1DE8FD480AEBF7B8 /* [CP] Check Pods Manifest.lock */,
				9F439B7526634CAB00F1A0CE /* Sources */,
				9F439B7626634CAB00F1A0CE /* Frameworks */,
				9F439B7726634CAB00F1A0CE /* Resources */,
				6DCCDE9A6D88371D48A34DBB /* [CP] Embed Pods Frameworks */,
			);
			buildRules = (
			);
			dependencies = (
			);
			name = iCachorroQuente;
			productName = iCachorroQuente;
			productReference = 9F439B7926634CAB00F1A0CE /* iCachorroQuente.app */;
			productType = "com.apple.product-type.application";
		};
/* End PBXNativeTarget section */

/* Begin PBXProject section */
		9F439B7126634CAA00F1A0CE /* Project object */ = {
			isa = PBXProject;
			attributes = {
				LastSwiftUpdateCheck = 1250;
				LastUpgradeCheck = 1250;
				TargetAttributes = {
					9F439B7826634CAB00F1A0CE = {
						CreatedOnToolsVersion = 12.5;
					};
				};
			};
			buildConfigurationList = 9F439B7426634CAB00F1A0CE /* Build configuration list for PBXProject "iCachorroQuente" */;
			compatibilityVersion = "Xcode 9.3";
			developmentRegion = en;
			hasScannedForEncodings = 0;
			knownRegions = (
				en,
				Base,
			);
			mainGroup = 9F439B7026634CAA00F1A0CE;
			productRefGroup = 9F439B7A26634CAB00F1A0CE /* Products */;
			projectDirPath = "";
			projectRoot = "";
			targets = (
				9F439B7826634CAB00F1A0CE /* iCachorroQuente */,
			);
		};
/* End PBXProject section */

/* Begin PBXResourcesBuildPhase section */
		9F439B7726634CAB00F1A0CE /* Resources */ = {
			isa = PBXResourcesBuildPhase;
			buildActionMask = 2147483647;
			files = (
				9F439B8426634CAF00F1A0CE /* Preview Assets.xcassets in Resources */,
				9F439B8126634CAF00F1A0CE /* Assets.xcassets in Resources */,
			);
			runOnlyForDeploymentPostprocessing = 0;
		};
/* End PBXResourcesBuildPhase section */

/* Begin PBXShellScriptBuildPhase section */
		1D66FA7C1DE8FD480AEBF7B8 /* [CP] Check Pods Manifest.lock */ = {
			isa = PBXShellScriptBuildPhase;
			buildActionMask = 2147483647;
			files = (
			);
			inputFileListPaths = (
			);
			inputPaths = (
				"${PODS_PODFILE_DIR_PATH}/Podfile.lock",
				"${PODS_ROOT}/Manifest.lock",
			);
			name = "[CP] Check Pods Manifest.lock";
			outputFileListPaths = (
			);
			outputPaths = (
				"$(DERIVED_FILE_DIR)/Pods-iCachorroQuente-checkManifestLockResult.txt",
			);
			runOnlyForDeploymentPostprocessing = 0;
			shellPath = /bin/sh;
			shellScript = "diff \"${PODS_PODFILE_DIR_PATH}/Podfile.lock\" \"${PODS_ROOT}/Manifest.lock\" > /dev/null\nif [ $? != 0 ] ; then\n    # print error to STDERR\n    echo \"error: The sandbox is not in sync with the Podfile.lock. Run 'pod install' or update your CocoaPods installation.\" >&2\n    exit 1\nfi\n# This output is used by Xcode 'outputs' to avoid re-running this script phase.\necho \"SUCCESS\" > \"${SCRIPT_OUTPUT_FILE_0}\"\n";
			showEnvVarsInLog = 0;
		};
		6DCCDE9A6D88371D48A34DBB /* [CP] Embed Pods Frameworks */ = {
			isa = PBXShellScriptBuildPhase;
			buildActionMask = 2147483647;
			files = (
			);
			inputFileListPaths = (
				"${PODS_ROOT}/Target Support Files/Pods-iCachorroQuente/Pods-iCachorroQuente-frameworks-${CONFIGURATION}-input-files.xcfilelist",
			);
			name = "[CP] Embed Pods Frameworks";
			outputFileListPaths = (
				"${PODS_ROOT}/Target Support Files/Pods-iCachorroQuente/Pods-iCachorroQuente-frameworks-${CONFIGURATION}-output-files.xcfilelist",
			);
			runOnlyForDeploymentPostprocessing = 0;
			shellPath = /bin/sh;
			shellScript = "\"${PODS_ROOT}/Target Support Files/Pods-iCachorroQuente/Pods-iCachorroQuente-frameworks.sh\"\n";
			showEnvVarsInLog = 0;
		};
/* End PBXShellScriptBuildPhase section */

/* Begin PBXSourcesBuildPhase section */
		9F439B7526634CAB00F1A0CE /* Sources */ = {
			isa = PBXSourcesBuildPhase;
			buildActionMask = 2147483647;
			files = (
				9F439B8C2663501C00F1A0CE /* CachorroQuenteClasse.swift in Sources */,
				9F26028C26644F9E00F39F43 /* EndereçoView.swift in Sources */,
				9F439B7F26634CAB00F1A0CE /* ContentView.swift in Sources */,
				9F439B7D26634CAB00F1A0CE /* iCachorroQuenteApp.swift in Sources */,
			);
			runOnlyForDeploymentPostprocessing = 0;
		};
/* End PBXSourcesBuildPhase section */

/* Begin XCBuildConfiguration section */
		9F439B8626634CAF00F1A0CE /* Debug */ = {
			isa = XCBuildConfiguration;
			buildSettings = {
				ALWAYS_SEARCH_USER_PATHS = NO;
				CLANG_ANALYZER_NONNULL = YES;
				CLANG_ANALYZER_NUMBER_OBJECT_CONVERSION = YES_AGGRESSIVE;
				CLANG_CXX_LANGUAGE_STANDARD = "gnu++14";
				CLANG_CXX_LIBRARY = "libc++";
				CLANG_ENABLE_MODULES = YES;
				CLANG_ENABLE_OBJC_ARC = YES;
				CLANG_ENABLE_OBJC_WEAK = YES;
				CLANG_WARN_BLOCK_CAPTURE_AUTORELEASING = YES;
				CLANG_WARN_BOOL_CONVERSION = YES;
				CLANG_WARN_COMMA = YES;
				CLANG_WARN_CONSTANT_CONVERSION = YES;
				CLANG_WARN_DEPRECATED_OBJC_IMPLEMENTATIONS = YES;
				CLANG_WARN_DIRECT_OBJC_ISA_USAGE = YES_ERROR;
				CLANG_WARN_DOCUMENTATION_COMMENTS = YES;
				CLANG_WARN_EMPTY_BODY = YES;
				CLANG_WARN_ENUM_CONVERSION = YES;
				CLANG_WARN_INFINITE_RECURSION = YES;
				CLANG_WARN_INT_CONVERSION = YES;
				CLANG_WARN_NON_LITERAL_NULL_CONVERSION = YES;
				CLANG_WARN_OBJC_IMPLICIT_RETAIN_SELF = YES;
				CLANG_WARN_OBJC_LITERAL_CONVERSION = YES;
				CLANG_WARN_OBJC_ROOT_CLASS = YES_ERROR;
				CLANG_WARN_QUOTED_INCLUDE_IN_FRAMEWORK_HEADER = YES;
				CLANG_WARN_RANGE_LOOP_ANALYSIS = YES;
				CLANG_WARN_STRICT_PROTOTYPES = YES;
				CLANG_WARN_SUSPICIOUS_MOVE = YES;
				CLANG_WARN_UNGUARDED_AVAILABILITY = YES_AGGRESSIVE;
				CLANG_WARN_UNREACHABLE_CODE = YES;
				CLANG_WARN__DUPLICATE_METHOD_MATCH = YES;
				COPY_PHASE_STRIP = NO;
				DEBUG_INFORMATION_FORMAT = dwarf;
				ENABLE_STRICT_OBJC_MSGSEND = YES;
				ENABLE_TESTABILITY = YES;
				GCC_C_LANGUAGE_STANDARD = gnu11;
				GCC_DYNAMIC_NO_PIC = NO;
				GCC_NO_COMMON_BLOCKS = YES;
				GCC_OPTIMIZATION_LEVEL = 0;
				GCC_PREPROCESSOR_DEFINITIONS = (
					"DEBUG=1",
					"$(inherited)",
				);
				GCC_WARN_64_TO_32_BIT_CONVERSION = YES;
				GCC_WARN_ABOUT_RETURN_TYPE = YES_ERROR;
				GCC_WARN_UNDECLARED_SELECTOR = YES;
				GCC_WARN_UNINITIALIZED_AUTOS = YES_AGGRESSIVE;
				GCC_WARN_UNUSED_FUNCTION = YES;
				GCC_WARN_UNUSED_VARIABLE = YES;
				IPHONEOS_DEPLOYMENT_TARGET = 14.5;
				MTL_ENABLE_DEBUG_INFO = INCLUDE_SOURCE;
				MTL_FAST_MATH = YES;
				ONLY_ACTIVE_ARCH = YES;
				SDKROOT = iphoneos;
				SWIFT_ACTIVE_COMPILATION_CONDITIONS = DEBUG;
				SWIFT_OPTIMIZATION_LEVEL = "-Onone";
			};
			name = Debug;
		};
		9F439B8726634CAF00F1A0CE /* Release */ = {
			isa = XCBuildConfiguration;
			buildSettings = {
				ALWAYS_SEARCH_USER_PATHS = NO;
				CLANG_ANALYZER_NONNULL = YES;
				CLANG_ANALYZER_NUMBER_OBJECT_CONVERSION = YES_AGGRESSIVE;
				CLANG_CXX_LANGUAGE_STANDARD = "gnu++14";
				CLANG_CXX_LIBRARY = "libc++";
				CLANG_ENABLE_MODULES = YES;
				CLANG_ENABLE_OBJC_ARC = YES;
				CLANG_ENABLE_OBJC_WEAK = YES;
				CLANG_WARN_BLOCK_CAPTURE_AUTORELEASING = YES;
				CLANG_WARN_BOOL_CONVERSION = YES;
				CLANG_WARN_COMMA = YES;
				CLANG_WARN_CONSTANT_CONVERSION = YES;
				CLANG_WARN_DEPRECATED_OBJC_IMPLEMENTATIONS = YES;
				CLANG_WARN_DIRECT_OBJC_ISA_USAGE = YES_ERROR;
				CLANG_WARN_DOCUMENTATION_COMMENTS = YES;
				CLANG_WARN_EMPTY_BODY = YES;
				CLANG_WARN_ENUM_CONVERSION = YES;
				CLANG_WARN_INFINITE_RECURSION = YES;
				CLANG_WARN_INT_CONVERSION = YES;
				CLANG_WARN_NON_LITERAL_NULL_CONVERSION = YES;
				CLANG_WARN_OBJC_IMPLICIT_RETAIN_SELF = YES;
				CLANG_WARN_OBJC_LITERAL_CONVERSION = YES;
				CLANG_WARN_OBJC_ROOT_CLASS = YES_ERROR;
				CLANG_WARN_QUOTED_INCLUDE_IN_FRAMEWORK_HEADER = YES;
				CLANG_WARN_RANGE_LOOP_ANALYSIS = YES;
				CLANG_WARN_STRICT_PROTOTYPES = YES;
				CLANG_WARN_SUSPICIOUS_MOVE = YES;
				CLANG_WARN_UNGUARDED_AVAILABILITY = YES_AGGRESSIVE;
				CLANG_WARN_UNREACHABLE_CODE = YES;
				CLANG_WARN__DUPLICATE_METHOD_MATCH = YES;
				COPY_PHASE_STRIP = NO;
				DEBUG_INFORMATION_FORMAT = "dwarf-with-dsym";
				ENABLE_NS_ASSERTIONS = NO;
				ENABLE_STRICT_OBJC_MSGSEND = YES;
				GCC_C_LANGUAGE_STANDARD = gnu11;
				GCC_NO_COMMON_BLOCKS = YES;
				GCC_WARN_64_TO_32_BIT_CONVERSION = YES;
				GCC_WARN_ABOUT_RETURN_TYPE = YES_ERROR;
				GCC_WARN_UNDECLARED_SELECTOR = YES;
				GCC_WARN_UNINITIALIZED_AUTOS = YES_AGGRESSIVE;
				GCC_WARN_UNUSED_FUNCTION = YES;
				GCC_WARN_UNUSED_VARIABLE = YES;
				IPHONEOS_DEPLOYMENT_TARGET = 14.5;
				MTL_ENABLE_DEBUG_INFO = NO;
				MTL_FAST_MATH = YES;
				SDKROOT = iphoneos;
				SWIFT_COMPILATION_MODE = wholemodule;
				SWIFT_OPTIMIZATION_LEVEL = "-O";
				VALIDATE_PRODUCT = YES;
			};
			name = Release;
		};
		9F439B8926634CAF00F1A0CE /* Debug */ = {
			isa = XCBuildConfiguration;
			baseConfigurationReference = 4347BBFCF79E8B8BABA6C25B /* Pods-iCachorroQuente.debug.xcconfig */;
			buildSettings = {
				ASSETCATALOG_COMPILER_APPICON_NAME = AppIcon;
				ASSETCATALOG_COMPILER_GLOBAL_ACCENT_COLOR_NAME = AccentColor;
				CODE_SIGN_STYLE = Automatic;
				DEVELOPMENT_ASSET_PATHS = "\"iCachorroQuente/Preview Content\"";
				DEVELOPMENT_TEAM = 52DJP63H9U;
				ENABLE_PREVIEWS = YES;
				INFOPLIST_FILE = iCachorroQuente/Info.plist;
				IPHONEOS_DEPLOYMENT_TARGET = 14.0;
				LD_RUNPATH_SEARCH_PATHS = (
					"$(inherited)",
					"@executable_path/Frameworks",
				);
				PRODUCT_BUNDLE_IDENTIFIER = com.gmail.rodrigocav94.iCachorroQuente;
				PRODUCT_NAME = "$(TARGET_NAME)";
				SWIFT_VERSION = 5.0;
				TARGETED_DEVICE_FAMILY = "1,2";
			};
			name = Debug;
		};
		9F439B8A26634CAF00F1A0CE /* Release */ = {
			isa = XCBuildConfiguration;
			baseConfigurationReference = DB1B9F00E1BDB5AEAD7F4E69 /* Pods-iCachorroQuente.release.xcconfig */;
			buildSettings = {
				ASSETCATALOG_COMPILER_APPICON_NAME = AppIcon;
				ASSETCATALOG_COMPILER_GLOBAL_ACCENT_COLOR_NAME = AccentColor;
				CODE_SIGN_STYLE = Automatic;
				DEVELOPMENT_ASSET_PATHS = "\"iCachorroQuente/Preview Content\"";
				DEVELOPMENT_TEAM = 52DJP63H9U;
				ENABLE_PREVIEWS = YES;
				INFOPLIST_FILE = iCachorroQuente/Info.plist;
				IPHONEOS_DEPLOYMENT_TARGET = 14.0;
				LD_RUNPATH_SEARCH_PATHS = (
					"$(inherited)",
					"@executable_path/Frameworks",
				);
				PRODUCT_BUNDLE_IDENTIFIER = com.gmail.rodrigocav94.iCachorroQuente;
				PRODUCT_NAME = "$(TARGET_NAME)";
				SWIFT_VERSION = 5.0;
				TARGETED_DEVICE_FAMILY = "1,2";
			};
			name = Release;
		};
/* End XCBuildConfiguration section */

/* Begin XCConfigurationList section */
		9F439B7426634CAB00F1A0CE /* Build configuration list for PBXProject "iCachorroQuente" */ = {
			isa = XCConfigurationList;
			buildConfigurations = (
				9F439B8626634CAF00F1A0CE /* Debug */,
				9F439B8726634CAF00F1A0CE /* Release */,
			);
			defaultConfigurationIsVisible = 0;
			defaultConfigurationName = Release;
		};
		9F439B8826634CAF00F1A0CE /* Build configuration list for PBXNativeTarget "iCachorroQuente" */ = {
			isa = XCConfigurationList;
			buildConfigurations = (
				9F439B8926634CAF00F1A0CE /* Debug */,
				9F439B8A26634CAF00F1A0CE /* Release */,
			);
			defaultConfigurationIsVisible = 0;
			defaultConfigurationName = Release;
		};
/* End XCConfigurationList section */
	};
	rootObject = 9F439B7126634CAA00F1A0CE /* Project object */;
}
